
Microsoft Visual Studio Solution File, Format Version 12.00
# Visual Studio Version 16
VisualStudioVersion = 16.0.31410.357
MinimumVisualStudioVersion = 10.0.40219.1
Project("{FAE04EC0-301F-11D3-BF4B-00C04F79EFBC}") = "IterationStatementsPart3", "IterationStatementsPart3\IterationStatementsPart3.csproj", "{85AC5D14-7973-4B2B-8E9B-F749FC475433}"
EndProject
Global
	GlobalSection(SolutionConfigurationPlatforms) = preSolution
		Debug|Any CPU = Debug|Any CPU
		Release|Any CPU = Release|Any CPU
	EndGlobalSection
	GlobalSection(ProjectConfigurationPlatforms) = postSolution
		{85AC5D14-7973-4B2B-8E9B-F749FC475433}.Debug|Any CPU.ActiveCfg = Debug|Any CPU
		{85AC5D14-7973-4B2B-8E9B-F749FC475433}.Debug|Any CPU.Build.0 = Debug|Any CPU
		{85AC5D14-7973-4B2B-8E9B-F749FC475433}.Release|Any CPU.ActiveCfg = Release|Any CPU
		{85AC5D14-7973-4B2B-8E9B-F749FC475433}.Release|Any CPU.Build.0 = Release|Any CPU
	EndGlobalSection
	GlobalSection(SolutionProperties) = preSolution
		HideSolutionNode = FALSE
	EndGlobalSection
	GlobalSection(ExtensibilityGlobals) = postSolution
		SolutionGuid = {BED8D20F-57FA-4380-BB71-10C46F6A3D96}
	EndGlobalSection
EndGlobal
